// !$*UTF8*$!
{
	archiveVersion = 1;
	classes = {
	};
	objectVersion = 55;
	objects = {

/* Begin PBXBuildFile section */
		8EC36FB92812B7BE00203992 /* AppDelegate.swift in Sources */ = {isa = PBXBuildFile; fileRef = 8EC36FB82812B7BE00203992 /* AppDelegate.swift */; };
		8EC36FBB2812B7BE00203992 /* SceneDelegate.swift in Sources */ = {isa = PBXBuildFile; fileRef = 8EC36FBA2812B7BE00203992 /* SceneDelegate.swift */; };
		8EC36FBD2812B7BE00203992 /* ViewController.swift in Sources */ = {isa = PBXBuildFile; fileRef = 8EC36FBC2812B7BE00203992 /* ViewController.swift */; };
		8EC36FC02812B7BE00203992 /* Main.storyboard in Resources */ = {isa = PBXBuildFile; fileRef = 8EC36FBE2812B7BE00203992 /* Main.storyboard */; };
		8EC36FC22812B7C200203992 /* Assets.xcassets in Resources */ = {isa = PBXBuildFile; fileRef = 8EC36FC12812B7C200203992 /* Assets.xcassets */; };
		8EC36FC52812B7C200203992 /* LaunchScreen.storyboard in Resources */ = {isa = PBXBuildFile; fileRef = 8EC36FC32812B7C200203992 /* LaunchScreen.storyboard */; };
		8EC36FD02812B7C300203992 /* You_are_awesome_2Tests.swift in Sources */ = {isa = PBXBuildFile; fileRef = 8EC36FCF2812B7C300203992 /* You_are_awesome_2Tests.swift */; };
		8EC36FDA2812B7C300203992 /* You_are_awesome_2UITests.swift in Sources */ = {isa = PBXBuildFile; fileRef = 8EC36FD92812B7C300203992 /* You_are_awesome_2UITests.swift */; };
		8EC36FDC2812B7C300203992 /* You_are_awesome_2UITestsLaunchTests.swift in Sources */ = {isa = PBXBuildFile; fileRef = 8EC36FDB2812B7C300203992 /* You_are_awesome_2UITestsLaunchTests.swift */; };
/* End PBXBuildFile section */

/* Begin PBXContainerItemProxy section */
		8EC36FCC2812B7C200203992 /* PBXContainerItemProxy */ = {
			isa = PBXContainerItemProxy;
			containerPortal = 8EC36FAD2812B7BE00203992 /* Project object */;
			proxyType = 1;
			remoteGlobalIDString = 8EC36FB42812B7BE00203992;
			remoteInfo = "You are awesome 2";
		};
		8EC36FD62812B7C300203992 /* PBXContainerItemProxy */ = {
			isa = PBXContainerItemProxy;
			containerPortal = 8EC36FAD2812B7BE00203992 /* Project object */;
			proxyType = 1;
			remoteGlobalIDString = 8EC36FB42812B7BE00203992;
			remoteInfo = "You are awesome 2";
		};
/* End PBXContainerItemProxy section */

/* Begin PBXFileReference section */
		8EC36FB52812B7BE00203992 /* You are awesome 2.app */ = {isa = PBXFileReference; explicitFileType = wrapper.application; includeInIndex = 0; path = "You are awesome 2.app"; sourceTree = BUILT_PRODUCTS_DIR; };
		8EC36FB82812B7BE00203992 /* AppDelegate.swift */ = {isa = PBXFileReference; lastKnownFileType = sourcecode.swift; path = AppDelegate.swift; sourceTree = "<group>"; };
		8EC36FBA2812B7BE00203992 /* SceneDelegate.swift */ = {isa = PBXFileReference; lastKnownFileType = sourcecode.swift; path = SceneDelegate.swift; sourceTree = "<group>"; };
		8EC36FBC2812B7BE00203992 /* ViewController.swift */ = {isa = PBXFileReference; lastKnownFileType = sourcecode.swift; path = ViewController.swift; sourceTree = "<group>"; };
		8EC36FBF2812B7BE00203992 /* Base */ = {isa = PBXFileReference; lastKnownFileType = file.storyboard; name = Base; path = Base.lproj/Main.storyboard; sourceTree = "<group>"; };
		8EC36FC12812B7C200203992 /* Assets.xcassets */ = {isa = PBXFileReference; lastKnownFileType = folder.assetcatalog; path = Assets.xcassets; sourceTree = "<group>"; };
		8EC36FC42812B7C200203992 /* Base */ = {isa = PBXFileReference; lastKnownFileType = file.storyboard; name = Base; path = Base.lproj/LaunchScreen.storyboard; sourceTree = "<group>"; };
		8EC36FC62812B7C200203992 /* Info.plist */ = {isa = PBXFileReference; lastKnownFileType = text.plist.xml; path = Info.plist; sourceTree = "<group>"; };
		8EC36FCB2812B7C200203992 /* You are awesome 2Tests.xctest */ = {isa = PBXFileReference; explicitFileType = wrapper.cfbundle; includeInIndex = 0; path = "You are awesome 2Tests.xctest"; sourceTree = BUILT_PRODUCTS_DIR; };
		8EC36FCF2812B7C300203992 /* You_are_awesome_2Tests.swift */ = {isa = PBXFileReference; lastKnownFileType = sourcecode.swift; path = You_are_awesome_2Tests.swift; sourceTree = "<group>"; };
		8EC36FD52812B7C300203992 /* You are awesome 2UITests.xctest */ = {isa = PBXFileReference; explicitFileType = wrapper.cfbundle; includeInIndex = 0; path = "You are awesome 2UITests.xctest"; sourceTree = BUILT_PRODUCTS_DIR; };
		8EC36FD92812B7C300203992 /* You_are_awesome_2UITests.swift */ = {isa = PBXFileReference; lastKnownFileType = sourcecode.swift; path = You_are_awesome_2UITests.swift; sourceTree = "<group>"; };
		8EC36FDB2812B7C300203992 /* You_are_awesome_2UITestsLaunchTests.swift */ = {isa = PBXFileReference; lastKnownFileType = sourcecode.swift; path = You_are_awesome_2UITestsLaunchTests.swift; sourceTree = "<group>"; };
/* End PBXFileReference section */

/* Begin PBXFrameworksBuildPhase section */
		8EC36FB22812B7BE00203992 /* Frameworks */ = {
			isa = PBXFrameworksBuildPhase;
			buildActionMask = 2147483647;
			files = (
			);
			runOnlyForDeploymentPostprocessing = 0;
		};
		8EC36FC82812B7C200203992 /* Frameworks */ = {
			isa = PBXFrameworksBuildPhase;
			buildActionMask = 2147483647;
			files = (
			);
			runOnlyForDeploymentPostprocessing = 0;
		};
		8EC36FD22812B7C300203992 /* Frameworks */ = {
			isa = PBXFrameworksBuildPhase;
			buildActionMask = 2147483647;
			files = (
			);
			runOnlyForDeploymentPostprocessing = 0;
		};
/* End PBXFrameworksBuildPhase section */

/* Begin PBXGroup section */
		8EC36FAC2812B7BE00203992 = {
			isa = PBXGroup;
			children = (
				8EC36FB72812B7BE00203992 /* You are awesome 2 */,
				8EC36FCE2812B7C300203992 /* You are awesome 2Tests */,
				8EC36FD82812B7C300203992 /* You are awesome 2UITests */,
				8EC36FB62812B7BE00203992 /* Products */,
			);
			sourceTree = "<group>";
		};
		8EC36FB62812B7BE00203992 /* Products */ = {
			isa = PBXGroup;
			children = (
				8EC36FB52812B7BE00203992 /* You are awesome 2.app */,
				8EC36FCB2812B7C200203992 /* You are awesome 2Tests.xctest */,
				8EC36FD52812B7C300203992 /* You are awesome 2UITests.xctest */,
			);
			name = Products;
			sourceTree = "<group>";
		};
		8EC36FB72812B7BE00203992 /* You are awesome 2 */ = {
			isa = PBXGroup;
			children = (
				8EC36FB82812B7BE00203992 /* AppDelegate.swift */,
				8EC36FBA2812B7BE00203992 /* SceneDelegate.swift */,
				8EC36FBC2812B7BE00203992 /* ViewController.swift */,
				8EC36FBE2812B7BE00203992 /* Main.storyboard */,
				8EC36FC12812B7C200203992 /* Assets.xcassets */,
				8EC36FC32812B7C200203992 /* LaunchScreen.storyboard */,
				8EC36FC62812B7C200203992 /* Info.plist */,
			);
			path = "You are awesome 2";
			sourceTree = "<group>";
		};
		8EC36FCE2812B7C300203992 /* You are awesome 2Tests */ = {
			isa = PBXGroup;
			children = (
				8EC36FCF2812B7C300203992 /* You_are_awesome_2Tests.swift */,
			);
			path = "You are awesome 2Tests";
			sourceTree = "<group>";
		};
		8EC36FD82812B7C300203992 /* You are awesome 2UITests */ = {
			isa = PBXGroup;
			children = (
				8EC36FD92812B7C300203992 /* You_are_awesome_2UITests.swift */,
				8EC36FDB2812B7C300203992 /* You_are_awesome_2UITestsLaunchTests.swift */,
			);
			path = "You are awesome 2UITests";
			sourceTree = "<group>";
		};
/* End PBXGroup section */

/* Begin PBXNativeTarget section */
		8EC36FB42812B7BE00203992 /* You are awesome 2 */ = {
			isa = PBXNativeTarget;
			buildConfigurationList = 8EC36FDF2812B7C300203992 /* Build configuration list for PBXNativeTarget "You are awesome 2" */;
			buildPhases = (
				8EC36FB12812B7BE00203992 /* Sources */,
				8EC36FB22812B7BE00203992 /* Frameworks */,
				8EC36FB32812B7BE00203992 /* Resources */,
			);
			buildRules = (
			);
			dependencies = (
			);
			name = "You are awesome 2";
			productName = "You are awesome 2";
			productReference = 8EC36FB52812B7BE00203992 /* You are awesome 2.app */;
			productType = "com.apple.product-type.application";
		};
		8EC36FCA2812B7C200203992 /* You are awesome 2Tests */ = {
			isa = PBXNativeTarget;
			buildConfigurationList = 8EC36FE22812B7C300203992 /* Build configuration list for PBXNativeTarget "You are awesome 2Tests" */;
			buildPhases = (
				8EC36FC72812B7C200203992 /* Sources */,
				8EC36FC82812B7C200203992 /* Frameworks */,
				8EC36FC92812B7C200203992 /* Resources */,
			);
			buildRules = (
			);
			dependencies = (
				8EC36FCD2812B7C200203992 /* PBXTargetDependency */,
			);
			name = "You are awesome 2Tests";
			productName = "You are awesome 2Tests";
			productReference = 8EC36FCB2812B7C200203992 /* You are awesome 2Tests.xctest */;
			productType = "com.apple.product-type.bundle.unit-test";
		};
		8EC36FD42812B7C300203992 /* You are awesome 2UITests */ = {
			isa = PBXNativeTarget;
			buildConfigurationList = 8EC36FE52812B7C300203992 /* Build configuration list for PBXNativeTarget "You are awesome 2UITests" */;
			buildPhases = (
				8EC36FD12812B7C300203992 /* Sources */,
				8EC36FD22812B7C300203992 /* Frameworks */,
				8EC36FD32812B7C300203992 /* Resources */,
			);
			buildRules = (
			);
			dependencies = (
				8EC36FD72812B7C300203992 /* PBXTargetDependency */,
			);
			name = "You are awesome 2UITests";
			productName = "You are awesome 2UITests";
			productReference = 8EC36FD52812B7C300203992 /* You are awesome 2UITests.xctest */;
			productType = "com.apple.product-type.bundle.ui-testing";
		};
/* End PBXNativeTarget section */

/* Begin PBXProject section */
		8EC36FAD2812B7BE00203992 /* Project object */ = {
			isa = PBXProject;
			attributes = {
				BuildIndependentTargetsInParallel = 1;
				LastSwiftUpdateCheck = 1330;
				LastUpgradeCheck = 1330;
				TargetAttributes = {
					8EC36FB42812B7BE00203992 = {
						CreatedOnToolsVersion = 13.3.1;
					};
					8EC36FCA2812B7C200203992 = {
						CreatedOnToolsVersion = 13.3.1;
						TestTargetID = 8EC36FB42812B7BE00203992;
					};
					8EC36FD42812B7C300203992 = {
						CreatedOnToolsVersion = 13.3.1;
						TestTargetID = 8EC36FB42812B7BE00203992;
					};
				};
			};
			buildConfigurationList = 8EC36FB02812B7BE00203992 /* Build configuration list for PBXProject "You are awesome 2" */;
			compatibilityVersion = "Xcode 13.0";
			developmentRegion = en;
			hasScannedForEncodings = 0;
			knownRegions = (
				en,
				Base,
			);
			mainGroup = 8EC36FAC2812B7BE00203992;
			productRefGroup = 8EC36FB62812B7BE00203992 /* Products */;
			projectDirPath = "";
			projectRoot = "";
			targets = (
				8EC36FB42812B7BE00203992 /* You are awesome 2 */,
				8EC36FCA2812B7C200203992 /* You are awesome 2Tests */,
				8EC36FD42812B7C300203992 /* You are awesome 2UITests */,
			);
		};
/* End PBXProject section */

/* Begin PBXResourcesBuildPhase section */
		8EC36FB32812B7BE00203992 /* Resources */ = {
			isa = PBXResourcesBuildPhase;
			buildActionMask = 2147483647;
			files = (
				8EC36FC52812B7C200203992 /* LaunchScreen.storyboard in Resources */,
				8EC36FC22812B7C200203992 /* Assets.xcassets in Resources */,
				8EC36FC02812B7BE00203992 /* Main.storyboard in Resources */,
			);
			runOnlyForDeploymentPostprocessing = 0;
		};
		8EC36FC92812B7C200203992 /* Resources */ = {
			isa = PBXResourcesBuildPhase;
			buildActionMask = 2147483647;
			files = (
			);
			runOnlyForDeploymentPostprocessing = 0;
		};
		8EC36FD32812B7C300203992 /* Resources */ = {
			isa = PBXResourcesBuildPhase;
			buildActionMask = 2147483647;
			files = (
			);
			runOnlyForDeploymentPostprocessing = 0;
		};
/* End PBXResourcesBuildPhase section */

/* Begin PBXSourcesBuildPhase section */
		8EC36FB12812B7BE00203992 /* Sources */ = {
			isa = PBXSourcesBuildPhase;
			buildActionMask = 2147483647;
			files = (
				8EC36FBD2812B7BE00203992 /* ViewController.swift in Sources */,
				8EC36FB92812B7BE00203992 /* AppDelegate.swift in Sources */,
				8EC36FBB2812B7BE00203992 /* SceneDelegate.swift in Sources */,
			);
			runOnlyForDeploymentPostprocessing = 0;
		};
		8EC36FC72812B7C200203992 /* Sources */ = {
			isa = PBXSourcesBuildPhase;
			buildActionMask = 2147483647;
			files = (
				8EC36FD02812B7C300203992 /* You_are_awesome_2Tests.swift in Sources */,
			);
			runOnlyForDeploymentPostprocessing = 0;
		};
		8EC36FD12812B7C300203992 /* Sources */ = {
			isa = PBXSourcesBuildPhase;
			buildActionMask = 2147483647;
			files = (
				8EC36FDC2812B7C300203992 /* You_are_awesome_2UITestsLaunchTests.swift in Sources */,
				8EC36FDA2812B7C300203992 /* You_are_awesome_2UITests.swift in Sources */,
			);
			runOnlyForDeploymentPostprocessing = 0;
		};
/* End PBXSourcesBuildPhase section */

/* Begin PBXTargetDependency section */
		8EC36FCD2812B7C200203992 /* PBXTargetDependency */ = {
			isa = PBXTargetDependency;
			target = 8EC36FB42812B7BE00203992 /* You are awesome 2 */;
			targetProxy = 8EC36FCC2812B7C200203992 /* PBXContainerItemProxy */;
		};
		8EC36FD72812B7C300203992 /* PBXTargetDependency */ = {
			isa = PBXTargetDependency;
			target = 8EC36FB42812B7BE00203992 /* You are awesome 2 */;
			targetProxy = 8EC36FD62812B7C300203992 /* PBXContainerItemProxy */;
		};
/* End PBXTargetDependency section */

/* Begin PBXVariantGroup section */
		8EC36FBE2812B7BE00203992 /* Main.storyboard */ = {
			isa = PBXVariantGroup;
			children = (
				8EC36FBF2812B7BE00203992 /* Base */,
			);
			name = Main.storyboard;
			sourceTree = "<group>";
		};
		8EC36FC32812B7C200203992 /* LaunchScreen.storyboard */ = {
			isa = PBXVariantGroup;
			children = (
				8EC36FC42812B7C200203992 /* Base */,
			);
			name = LaunchScreen.storyboard;
			sourceTree = "<group>";
		};
/* End PBXVariantGroup section */

/* Begin XCBuildConfiguration section */
		8EC36FDD2812B7C300203992 /* Debug */ = {
			isa = XCBuildConfiguration;
			buildSettings = {
				ALWAYS_SEARCH_USER_PATHS = NO;
				CLANG_ANALYZER_NONNULL = YES;
				CLANG_ANALYZER_NUMBER_OBJECT_CONVERSION = YES_AGGRESSIVE;
				CLANG_CXX_LANGUAGE_STANDARD = "gnu++17";
				CLANG_ENABLE_MODULES = YES;
				CLANG_ENABLE_OBJC_ARC = YES;
				CLANG_ENABLE_OBJC_WEAK = YES;
				CLANG_WARN_BLOCK_CAPTURE_AUTORELEASING = YES;
				CLANG_WARN_BOOL_CONVERSION = YES;
				CLANG_WARN_COMMA = YES;
				CLANG_WARN_CONSTANT_CONVERSION = YES;
				CLANG_WARN_DEPRECATED_OBJC_IMPLEMENTATIONS = YES;
				CLANG_WARN_DIRECT_OBJC_ISA_USAGE = YES_ERROR;
				CLANG_WARN_DOCUMENTATION_COMMENTS = YES;
				CLANG_WARN_EMPTY_BODY = YES;
				CLANG_WARN_ENUM_CONVERSION = YES;
				CLANG_WARN_INFINITE_RECURSION = YES;
				CLANG_WARN_INT_CONVERSION = YES;
				CLANG_WARN_NON_LITERAL_NULL_CONVERSION = YES;
				CLANG_WARN_OBJC_IMPLICIT_RETAIN_SELF = YES;
				CLANG_WARN_OBJC_LITERAL_CONVERSION = YES;
				CLANG_WARN_OBJC_ROOT_CLASS = YES_ERROR;
				CLANG_WARN_QUOTED_INCLUDE_IN_FRAMEWORK_HEADER = YES;
				CLANG_WARN_RANGE_LOOP_ANALYSIS = YES;
				CLANG_WARN_STRICT_PROTOTYPES = YES;
				CLANG_WARN_SUSPICIOUS_MOVE = YES;
				CLANG_WARN_UNGUARDED_AVAILABILITY = YES_AGGRESSIVE;
				CLANG_WARN_UNREACHABLE_CODE = YES;
				CLANG_WARN__DUPLICATE_METHOD_MATCH = YES;
				COPY_PHASE_STRIP = NO;
				DEBUG_INFORMATION_FORMAT = dwarf;
				ENABLE_STRICT_OBJC_MSGSEND = YES;
				ENABLE_TESTABILITY = YES;
				GCC_C_LANGUAGE_STANDARD = gnu11;
				GCC_DYNAMIC_NO_PIC = NO;
				GCC_NO_COMMON_BLOCKS = YES;
				GCC_OPTIMIZATION_LEVEL = 0;
				GCC_PREPROCESSOR_DEFINITIONS = (
					"DEBUG=1",
					"$(inherited)",
				);
				GCC_WARN_64_TO_32_BIT_CONVERSION = YES;
				GCC_WARN_ABOUT_RETURN_TYPE = YES_ERROR;
				GCC_WARN_UNDECLARED_SELECTOR = YES;
				GCC_WARN_UNINITIALIZED_AUTOS = YES_AGGRESSIVE;
				GCC_WARN_UNUSED_FUNCTION = YES;
				GCC_WARN_UNUSED_VARIABLE = YES;
				IPHONEOS_DEPLOYMENT_TARGET = 15.4;
				MTL_ENABLE_DEBUG_INFO = INCLUDE_SOURCE;
				MTL_FAST_MATH = YES;
				ONLY_ACTIVE_ARCH = YES;
				SDKROOT = iphoneos;
				SWIFT_ACTIVE_COMPILATION_CONDITIONS = DEBUG;
				SWIFT_OPTIMIZATION_LEVEL = "-Onone";
			};
			name = Debug;
		};
		8EC36FDE2812B7C300203992 /* Release */ = {
			isa = XCBuildConfiguration;
			buildSettings = {
				ALWAYS_SEARCH_USER_PATHS = NO;
				CLANG_ANALYZER_NONNULL = YES;
				CLANG_ANALYZER_NUMBER_OBJECT_CONVERSION = YES_AGGRESSIVE;
				CLANG_CXX_LANGUAGE_STANDARD = "gnu++17";
				CLANG_ENABLE_MODULES = YES;
				CLANG_ENABLE_OBJC_ARC = YES;
				CLANG_ENABLE_OBJC_WEAK = YES;
				CLANG_WARN_BLOCK_CAPTURE_AUTORELEASING = YES;
				CLANG_WARN_BOOL_CONVERSION = YES;
				CLANG_WARN_COMMA = YES;
				CLANG_WARN_CONSTANT_CONVERSION = YES;
				CLANG_WARN_DEPRECATED_OBJC_IMPLEMENTATIONS = YES;
				CLANG_WARN_DIRECT_OBJC_ISA_USAGE = YES_ERROR;
				CLANG_WARN_DOCUMENTATION_COMMENTS = YES;
				CLANG_WARN_EMPTY_BODY = YES;
				CLANG_WARN_ENUM_CONVERSION = YES;
				CLANG_WARN_INFINITE_RECURSION = YES;
				CLANG_WARN_INT_CONVERSION = YES;
				CLANG_WARN_NON_LITERAL_NULL_CONVERSION = YES;
				CLANG_WARN_OBJC_IMPLICIT_RETAIN_SELF = YES;
				CLANG_WARN_OBJC_LITERAL_CONVERSION = YES;
				CLANG_WARN_OBJC_ROOT_CLASS = YES_ERROR;
				CLANG_WARN_QUOTED_INCLUDE_IN_FRAMEWORK_HEADER = YES;
				CLANG_WARN_RANGE_LOOP_ANALYSIS = YES;
				CLANG_WARN_STRICT_PROTOTYPES = YES;
				CLANG_WARN_SUSPICIOUS_MOVE = YES;
				CLANG_WARN_UNGUARDED_AVAILABILITY = YES_AGGRESSIVE;
				CLANG_WARN_UNREACHABLE_CODE = YES;
				CLANG_WARN__DUPLICATE_METHOD_MATCH = YES;
				COPY_PHASE_STRIP = NO;
				DEBUG_INFORMATION_FORMAT = "dwarf-with-dsym";
				ENABLE_NS_ASSERTIONS = NO;
				ENABLE_STRICT_OBJC_MSGSEND = YES;
				GCC_C_LANGUAGE_STANDARD = gnu11;
				GCC_NO_COMMON_BLOCKS = YES;
				GCC_WARN_64_TO_32_BIT_CONVERSION = YES;
				GCC_WARN_ABOUT_RETURN_TYPE = YES_ERROR;
				GCC_WARN_UNDECLARED_SELECTOR = YES;
				GCC_WARN_UNINITIALIZED_AUTOS = YES_AGGRESSIVE;
				GCC_WARN_UNUSED_FUNCTION = YES;
				GCC_WARN_UNUSED_VARIABLE = YES;
				IPHONEOS_DEPLOYMENT_TARGET = 15.4;
				MTL_ENABLE_DEBUG_INFO = NO;
				MTL_FAST_MATH = YES;
				SDKROOT = iphoneos;
				SWIFT_COMPILATION_MODE = wholemodule;
				SWIFT_OPTIMIZATION_LEVEL = "-O";
				VALIDATE_PRODUCT = YES;
			};
			name = Release;
		};
		8EC36FE02812B7C300203992 /* Debug */ = {
			isa = XCBuildConfiguration;
			buildSettings = {
				ASSETCATALOG_COMPILER_APPICON_NAME = AppIcon;
				ASSETCATALOG_COMPILER_GLOBAL_ACCENT_COLOR_NAME = AccentColor;
				CODE_SIGN_STYLE = Automatic;
				CURRENT_PROJECT_VERSION = 1;
				GENERATE_INFOPLIST_FILE = YES;
				INFOPLIST_FILE = "You are awesome 2/Info.plist";
				INFOPLIST_KEY_UIApplicationSupportsIndirectInputEvents = YES;
				INFOPLIST_KEY_UILaunchStoryboardName = LaunchScreen;
				INFOPLIST_KEY_UIMainStoryboardFile = Main;
				INFOPLIST_KEY_UISupportedInterfaceOrientations_iPad = "UIInterfaceOrientationPortrait UIInterfaceOrientationPortraitUpsideDown UIInterfaceOrientationLandscapeLeft UIInterfaceOrientationLandscapeRight";
				INFOPLIST_KEY_UISupportedInterfaceOrientations_iPhone = "UIInterfaceOrientationPortrait UIInterfaceOrientationLandscapeLeft UIInterfaceOrientationLandscapeRight";
				LD_RUNPATH_SEARCH_PATHS = (
					"$(inherited)",
					"@executable_path/Frameworks",
				);
				MARKETING_VERSION = 1.0;
				PRODUCT_BUNDLE_IDENTIFIER = "test1.You-are-awesome-2";
				PRODUCT_NAME = "$(TARGET_NAME)";
				SWIFT_EMIT_LOC_STRINGS = YES;
				SWIFT_VERSION = 5.0;
				TARGETED_DEVICE_FAMILY = "1,2";
			};
			name = Debug;
		};
		8EC36FE12812B7C300203992 /* Release */ = {
			isa = XCBuildConfiguration;
			buildSettings = {
				ASSETCATALOG_COMPILER_APPICON_NAME = AppIcon;
				ASSETCATALOG_COMPILER_GLOBAL_ACCENT_COLOR_NAME = AccentColor;
				CODE_SIGN_STYLE = Automatic;
				CURRENT_PROJECT_VERSION = 1;
				GENERATE_INFOPLIST_FILE = YES;
				INFOPLIST_FILE = "You are awesome 2/Info.plist";
				INFOPLIST_KEY_UIApplicationSupportsIndirectInputEvents = YES;
				INFOPLIST_KEY_UILaunchStoryboardName = LaunchScreen;
				INFOPLIST_KEY_UIMainStoryboardFile = Main;
				INFOPLIST_KEY_UISupportedInterfaceOrientations_iPad = "UIInterfaceOrientationPortrait UIInterfaceOrientationPortraitUpsideDown UIInterfaceOrientationLandscapeLeft UIInterfaceOrientationLandscapeRight";
				INFOPLIST_KEY_UISupportedInterfaceOrientations_iPhone = "UIInterfaceOrientationPortrait UIInterfaceOrientationLandscapeLeft UIInterfaceOrientationLandscapeRight";
				LD_RUNPATH_SEARCH_PATHS = (
					"$(inherited)",
					"@executable_path/Frameworks",
				);
				MARKETING_VERSION = 1.0;
				PRODUCT_BUNDLE_IDENTIFIER = "test1.You-are-awesome-2";
				PRODUCT_NAME = "$(TARGET_NAME)";
				SWIFT_EMIT_LOC_STRINGS = YES;
				SWIFT_VERSION = 5.0;
				TARGETED_DEVICE_FAMILY = "1,2";
			};
			name = Release;
		};
		8EC36FE32812B7C300203992 /* Debug */ = {
			isa = XCBuildConfiguration;
			buildSettings = {
				ALWAYS_EMBED_SWIFT_STANDARD_LIBRARIES = YES;
				BUNDLE_LOADER = "$(TEST_HOST)";
				CODE_SIGN_STYLE = Automatic;
				CURRENT_PROJECT_VERSION = 1;
				GENERATE_INFOPLIST_FILE = YES;
				IPHONEOS_DEPLOYMENT_TARGET = 15.4;
				MARKETING_VERSION = 1.0;
				PRODUCT_BUNDLE_IDENTIFIER = "test1.You-are-awesome-2Tests";
				PRODUCT_NAME = "$(TARGET_NAME)";
				SWIFT_EMIT_LOC_STRINGS = NO;
				SWIFT_VERSION = 5.0;
				TARGETED_DEVICE_FAMILY = "1,2";
				TEST_HOST = "$(BUILT_PRODUCTS_DIR)/You are awesome 2.app/You are awesome 2";
			};
			name = Debug;
		};
		8EC36FE42812B7C300203992 /* Release */ = {
			isa = XCBuildConfiguration;
			buildSettings = {
				ALWAYS_EMBED_SWIFT_STANDARD_LIBRARIES = YES;
				BUNDLE_LOADER = "$(TEST_HOST)";
				CODE_SIGN_STYLE = Automatic;
				CURRENT_PROJECT_VERSION = 1;
				GENERATE_INFOPLIST_FILE = YES;
				IPHONEOS_DEPLOYMENT_TARGET = 15.4;
				MARKETING_VERSION = 1.0;
				PRODUCT_BUNDLE_IDENTIFIER = "test1.You-are-awesome-2Tests";
				PRODUCT_NAME = "$(TARGET_NAME)";
				SWIFT_EMIT_LOC_STRINGS = NO;
				SWIFT_VERSION = 5.0;
				TARGETED_DEVICE_FAMILY = "1,2";
				TEST_HOST = "$(BUILT_PRODUCTS_DIR)/You are awesome 2.app/You are awesome 2";
			};
			name = Release;
		};
		8EC36FE62812B7C300203992 /* Debug */ = {
			isa = XCBuildConfiguration;
			buildSettings = {
				ALWAYS_EMBED_SWIFT_STANDARD_LIBRARIES = YES;
				CODE_SIGN_STYLE = Automatic;
				CURRENT_PROJECT_VERSION = 1;
				GENERATE_INFOPLIST_FILE = YES;
				MARKETING_VERSION = 1.0;
				PRODUCT_BUNDLE_IDENTIFIER = "test1.You-are-awesome-2UITests";
				PRODUCT_NAME = "$(TARGET_NAME)";
				SWIFT_EMIT_LOC_STRINGS = NO;
				SWIFT_VERSION = 5.0;
				TARGETED_DEVICE_FAMILY = "1,2";
				TEST_TARGET_NAME = "You are awesome 2";
			};
			name = Debug;
		};
		8EC36FE72812B7C300203992 /* Release */ = {
			isa = XCBuildConfiguration;
			buildSettings = {
				ALWAYS_EMBED_SWIFT_STANDARD_LIBRARIES = YES;
				CODE_SIGN_STYLE = Automatic;
				CURRENT_PROJECT_VERSION = 1;
				GENERATE_INFOPLIST_FILE = YES;
				MARKETING_VERSION = 1.0;
				PRODUCT_BUNDLE_IDENTIFIER = "test1.You-are-awesome-2UITests";
				PRODUCT_NAME = "$(TARGET_NAME)";
				SWIFT_EMIT_LOC_STRINGS = NO;
				SWIFT_VERSION = 5.0;
				TARGETED_DEVICE_FAMILY = "1,2";
				TEST_TARGET_NAME = "You are awesome 2";
			};
			name = Release;
		};
/* End XCBuildConfiguration section */

/* Begin XCConfigurationList section */
		8EC36FB02812B7BE00203992 /* Build configuration list for PBXProject "You are awesome 2" */ = {
			isa = XCConfigurationList;
			buildConfigurations = (
				8EC36FDD2812B7C300203992 /* Debug */,
				8EC36FDE2812B7C300203992 /* Release */,
			);
			defaultConfigurationIsVisible = 0;
			defaultConfigurationName = Release;
		};
		8EC36FDF2812B7C300203992 /* Build configuration list for PBXNativeTarget "You are awesome 2" */ = {
			isa = XCConfigurationList;
			buildConfigurations = (
				8EC36FE02812B7C300203992 /* Debug */,
				8EC36FE12812B7C300203992 /* Release */,
			);
			defaultConfigurationIsVisible = 0;
			defaultConfigurationName = Release;
		};
		8EC36FE22812B7C300203992 /* Build configuration list for PBXNativeTarget "You are awesome 2Tests" */ = {
			isa = XCConfigurationList;
			buildConfigurations = (
				8EC36FE32812B7C300203992 /* Debug */,
				8EC36FE42812B7C300203992 /* Release */,
			);
			defaultConfigurationIsVisible = 0;
			defaultConfigurationName = Release;
		};
		8EC36FE52812B7C300203992 /* Build configuration list for PBXNativeTarget "You are awesome 2UITests" */ = {
			isa = XCConfigurationList;
			buildConfigurations = (
				8EC36FE62812B7C300203992 /* Debug */,
				8EC36FE72812B7C300203992 /* Release */,
			);
			defaultConfigurationIsVisible = 0;
			defaultConfigurationName = Release;
		};
/* End XCConfigurationList section */
	};
	rootObject = 8EC36FAD2812B7BE00203992 /* Project object */;
}
